
Microsoft Visual Studio Solution File, Format Version 12.00
Project("{FAE04EC0-301F-11D3-BF4B-00C04F79EFBC}") = "WebUi", "WebUi\WebUi.csproj", "{0A03DBAA-C8D0-4B88-A13D-2BBEB21382C5}"
EndProject
Project("{FAE04EC0-301F-11D3-BF4B-00C04F79EFBC}") = "Domain", "Domain\Domain.csproj", "{24CD793D-C5C9-4525-B93C-57D1064CCC13}"
EndProject
Project("{FAE04EC0-301F-11D3-BF4B-00C04F79EFBC}") = "Model", "Model\Model.csproj", "{B4555689-21CF-41BE-95B7-DCB0D7D0BB6D}"
EndProject
Global
	GlobalSection(SolutionConfigurationPlatforms) = preSolution
		Debug|Any CPU = Debug|Any CPU
		Release|Any CPU = Release|Any CPU
	EndGlobalSection
	GlobalSection(ProjectConfigurationPlatforms) = postSolution
		{0A03DBAA-C8D0-4B88-A13D-2BBEB21382C5}.Debug|Any CPU.ActiveCfg = Debug|Any CPU
		{0A03DBAA-C8D0-4B88-A13D-2BBEB21382C5}.Debug|Any CPU.Build.0 = Debug|Any CPU
		{0A03DBAA-C8D0-4B88-A13D-2BBEB21382C5}.Release|Any CPU.ActiveCfg = Release|Any CPU
		{0A03DBAA-C8D0-4B88-A13D-2BBEB21382C5}.Release|Any CPU.Build.0 = Release|Any CPU
		{24CD793D-C5C9-4525-B93C-57D1064CCC13}.Debug|Any CPU.ActiveCfg = Debug|Any CPU
		{24CD793D-C5C9-4525-B93C-57D1064CCC13}.Debug|Any CPU.Build.0 = Debug|Any CPU
		{24CD793D-C5C9-4525-B93C-57D1064CCC13}.Release|Any CPU.ActiveCfg = Release|Any CPU
		{24CD793D-C5C9-4525-B93C-57D1064CCC13}.Release|Any CPU.Build.0 = Release|Any CPU
		{B4555689-21CF-41BE-95B7-DCB0D7D0BB6D}.Debug|Any CPU.ActiveCfg = Debug|Any CPU
		{B4555689-21CF-41BE-95B7-DCB0D7D0BB6D}.Debug|Any CPU.Build.0 = Debug|Any CPU
		{B4555689-21CF-41BE-95B7-DCB0D7D0BB6D}.Release|Any CPU.ActiveCfg = Release|Any CPU
		{B4555689-21CF-41BE-95B7-DCB0D7D0BB6D}.Release|Any CPU.Build.0 = Release|Any CPU
	EndGlobalSection
EndGlobal
